lockfileVersion: '6.0'

dependencies:
  bindings:
    specifier: ~1.2.1
    version: 1.2.1
  node-addon-api:
    specifier: ^1.7.2
    version: 1.7.2

packages:

  /bindings@1.2.1:
    resolution: {integrity: sha512-u4cBQNepWxYA55FunZSM7wMi55yQaN0otnhhilNoWHq0MfOfJeQx0v0mRRpolGOExPjZcl6FtB0BB8Xkb88F0g==}
    dev: false

  /node-addon-api@1.7.2:
    resolution: {integrity: sha512-ibPK3iA+vaY1eEjESkQkM0BbCqFOaZMiXRTtdB0u7b4djtY6JnsjvPdUHVMg6xQt3B8fpTTWHI9A+ADjM9frzg==}
    dev: false
